
Microsoft Visual Studio Solution File, Format Version 12.00
# Visual Studio Version 17
VisualStudioVersion = 17.14.36603.0 d17.14
MinimumVisualStudioVersion = 10.0.40219.1
Project("{FAE04EC0-301F-11D3-BF4B-00C04F79EFBC}") = "CalculatoriBrat", "CalculatoriBrat\CalculatoriBrat.csproj", "{DB066CA3-6E1B-4DE6-9B8C-51A586DB8FF5}"
EndProject
Global
	GlobalSection(SolutionConfigurationPlatforms) = preSolution
		Debug|Any CPU = Debug|Any CPU
		Release|Any CPU = Release|Any CPU
	EndGlobalSection
	GlobalSection(ProjectConfigurationPlatforms) = postSolution
		{DB066CA3-6E1B-4DE6-9B8C-51A586DB8FF5}.Debug|Any CPU.ActiveCfg = Debug|Any CPU
		{DB066CA3-6E1B-4DE6-9B8C-51A586DB8FF5}.Debug|Any CPU.Build.0 = Debug|Any CPU
		{DB066CA3-6E1B-4DE6-9B8C-51A586DB8FF5}.Release|Any CPU.ActiveCfg = Release|Any CPU
		{DB066CA3-6E1B-4DE6-9B8C-51A586DB8FF5}.Release|Any CPU.Build.0 = Release|Any CPU
	EndGlobalSection
	GlobalSection(SolutionProperties) = preSolution
		HideSolutionNode = FALSE
	EndGlobalSection
	GlobalSection(ExtensibilityGlobals) = postSolution
		SolutionGuid = {FE747595-F64D-45D0-B1EC-248B708E84E4}
	EndGlobalSection
EndGlobal
